
Microsoft Visual Studio Solution File, Format Version 12.00
# Visual Studio Version 17
VisualStudioVersion = 17.0.31903.59
MinimumVisualStudioVersion = 10.0.40219.1
Project("{2150E333-8FDC-42A3-9474-1A3956D46DE8}") = "src", "src", "{827E0CD3-B72D-47B6-A68D-7590B98EB39B}"
EndProject
Project("{FAE04EC0-301F-11D3-BF4B-00C04F79EFBC}") = "MechanicShop.Api", "src\MechanicShop.Api\MechanicShop.Api.csproj", "{A1036F50-96C6-41FD-9AB5-5A62722CDEE2}"
EndProject
Project("{FAE04EC0-301F-11D3-BF4B-00C04F79EFBC}") = "MechanicShop.Application", "src\MechanicShop.Application\MechanicShop.Application.csproj", "{8E903832-60C2-4105-9C4A-B388383E0905}"
EndProject
Project("{FAE04EC0-301F-11D3-BF4B-00C04F79EFBC}") = "MechanicShop.Client", "src\MechanicShop.Client\MechanicShop.Client.csproj", "{CAE99EAE-1CF1-4843-98F7-6B8D6A26E05B}"
EndProject
Project("{2150E333-8FDC-42A3-9474-1A3956D46DE8}") = "MechanicShop.Contracts", "MechanicShop.Contracts", "{35D3F24B-B04E-3ED8-FFA4-AAE42B7EEBA4}"
EndProject
Project("{FAE04EC0-301F-11D3-BF4B-00C04F79EFBC}") = "MeshanicShop.Contracts", "src\MechanicShop.Contracts\MeshanicShop.Contracts.csproj", "{8173DDD8-710A-46E4-9D7C-BD0FA2BCAA94}"
EndProject
Project("{2150E333-8FDC-42A3-9474-1A3956D46DE8}") = "MechanicShop.Domain", "MechanicShop.Domain", "{8156C0C4-EF1A-4077-3544-755F88AA85ED}"
EndProject
Project("{FAE04EC0-301F-11D3-BF4B-00C04F79EFBC}") = "MachanicShop.Domain", "src\MechanicShop.Domain\MachanicShop.Domain.csproj", "{A0DF3A92-59A5-448D-9F0B-3D42F7862C11}"
EndProject
Project("{2150E333-8FDC-42A3-9474-1A3956D46DE8}") = "MechanicShop.Infrastructure", "MechanicShop.Infrastructure", "{023A07F4-0133-3382-388F-FD532FBAC07F}"
EndProject
Project("{FAE04EC0-301F-11D3-BF4B-00C04F79EFBC}") = "MachanicShop.Infrastructure", "src\MechanicShop.Infrastructure\MachanicShop.Infrastructure.csproj", "{A605ED35-49EE-4F62-8A0E-4FFE7C273531}"
EndProject
Global
	GlobalSection(SolutionConfigurationPlatforms) = preSolution
		Debug|Any CPU = Debug|Any CPU
		Debug|x64 = Debug|x64
		Debug|x86 = Debug|x86
		Release|Any CPU = Release|Any CPU
		Release|x64 = Release|x64
		Release|x86 = Release|x86
	EndGlobalSection
	GlobalSection(ProjectConfigurationPlatforms) = postSolution
		{A1036F50-96C6-41FD-9AB5-5A62722CDEE2}.Debug|Any CPU.ActiveCfg = Debug|Any CPU
		{A1036F50-96C6-41FD-9AB5-5A62722CDEE2}.Debug|Any CPU.Build.0 = Debug|Any CPU
		{A1036F50-96C6-41FD-9AB5-5A62722CDEE2}.Debug|x64.ActiveCfg = Debug|Any CPU
		{A1036F50-96C6-41FD-9AB5-5A62722CDEE2}.Debug|x64.Build.0 = Debug|Any CPU
		{A1036F50-96C6-41FD-9AB5-5A62722CDEE2}.Debug|x86.ActiveCfg = Debug|Any CPU
		{A1036F50-96C6-41FD-9AB5-5A62722CDEE2}.Debug|x86.Build.0 = Debug|Any CPU
		{A1036F50-96C6-41FD-9AB5-5A62722CDEE2}.Release|Any CPU.ActiveCfg = Release|Any CPU
		{A1036F50-96C6-41FD-9AB5-5A62722CDEE2}.Release|Any CPU.Build.0 = Release|Any CPU
		{A1036F50-96C6-41FD-9AB5-5A62722CDEE2}.Release|x64.ActiveCfg = Release|Any CPU
		{A1036F50-96C6-41FD-9AB5-5A62722CDEE2}.Release|x64.Build.0 = Release|Any CPU
		{A1036F50-96C6-41FD-9AB5-5A62722CDEE2}.Release|x86.ActiveCfg = Release|Any CPU
		{A1036F50-96C6-41FD-9AB5-5A62722CDEE2}.Release|x86.Build.0 = Release|Any CPU
		{8E903832-60C2-4105-9C4A-B388383E0905}.Debug|Any CPU.ActiveCfg = Debug|Any CPU
		{8E903832-60C2-4105-9C4A-B388383E0905}.Debug|Any CPU.Build.0 = Debug|Any CPU
		{8E903832-60C2-4105-9C4A-B388383E0905}.Debug|x64.ActiveCfg = Debug|Any CPU
		{8E903832-60C2-4105-9C4A-B388383E0905}.Debug|x64.Build.0 = Debug|Any CPU
		{8E903832-60C2-4105-9C4A-B388383E0905}.Debug|x86.ActiveCfg = Debug|Any CPU
		{8E903832-60C2-4105-9C4A-B388383E0905}.Debug|x86.Build.0 = Debug|Any CPU
		{8E903832-60C2-4105-9C4A-B388383E0905}.Release|Any CPU.ActiveCfg = Release|Any CPU
		{8E903832-60C2-4105-9C4A-B388383E0905}.Release|Any CPU.Build.0 = Release|Any CPU
		{8E903832-60C2-4105-9C4A-B388383E0905}.Release|x64.ActiveCfg = Release|Any CPU
		{8E903832-60C2-4105-9C4A-B388383E0905}.Release|x64.Build.0 = Release|Any CPU
		{8E903832-60C2-4105-9C4A-B388383E0905}.Release|x86.ActiveCfg = Release|Any CPU
		{8E903832-60C2-4105-9C4A-B388383E0905}.Release|x86.Build.0 = Release|Any CPU
		{CAE99EAE-1CF1-4843-98F7-6B8D6A26E05B}.Debug|Any CPU.ActiveCfg = Debug|Any CPU
		{CAE99EAE-1CF1-4843-98F7-6B8D6A26E05B}.Debug|Any CPU.Build.0 = Debug|Any CPU
		{CAE99EAE-1CF1-4843-98F7-6B8D6A26E05B}.Debug|x64.ActiveCfg = Debug|Any CPU
		{CAE99EAE-1CF1-4843-98F7-6B8D6A26E05B}.Debug|x64.Build.0 = Debug|Any CPU
		{CAE99EAE-1CF1-4843-98F7-6B8D6A26E05B}.Debug|x86.ActiveCfg = Debug|Any CPU
		{CAE99EAE-1CF1-4843-98F7-6B8D6A26E05B}.Debug|x86.Build.0 = Debug|Any CPU
		{CAE99EAE-1CF1-4843-98F7-6B8D6A26E05B}.Release|Any CPU.ActiveCfg = Release|Any CPU
		{CAE99EAE-1CF1-4843-98F7-6B8D6A26E05B}.Release|Any CPU.Build.0 = Release|Any CPU
		{CAE99EAE-1CF1-4843-98F7-6B8D6A26E05B}.Release|x64.ActiveCfg = Release|Any CPU
		{CAE99EAE-1CF1-4843-98F7-6B8D6A26E05B}.Release|x64.Build.0 = Release|Any CPU
		{CAE99EAE-1CF1-4843-98F7-6B8D6A26E05B}.Release|x86.ActiveCfg = Release|Any CPU
		{CAE99EAE-1CF1-4843-98F7-6B8D6A26E05B}.Release|x86.Build.0 = Release|Any CPU
		{8173DDD8-710A-46E4-9D7C-BD0FA2BCAA94}.Debug|Any CPU.ActiveCfg = Debug|Any CPU
		{8173DDD8-710A-46E4-9D7C-BD0FA2BCAA94}.Debug|Any CPU.Build.0 = Debug|Any CPU
		{8173DDD8-710A-46E4-9D7C-BD0FA2BCAA94}.Debug|x64.ActiveCfg = Debug|Any CPU
		{8173DDD8-710A-46E4-9D7C-BD0FA2BCAA94}.Debug|x64.Build.0 = Debug|Any CPU
		{8173DDD8-710A-46E4-9D7C-BD0FA2BCAA94}.Debug|x86.ActiveCfg = Debug|Any CPU
		{8173DDD8-710A-46E4-9D7C-BD0FA2BCAA94}.Debug|x86.Build.0 = Debug|Any CPU
		{8173DDD8-710A-46E4-9D7C-BD0FA2BCAA94}.Release|Any CPU.ActiveCfg = Release|Any CPU
		{8173DDD8-710A-46E4-9D7C-BD0FA2BCAA94}.Release|Any CPU.Build.0 = Release|Any CPU
		{8173DDD8-710A-46E4-9D7C-BD0FA2BCAA94}.Release|x64.ActiveCfg = Release|Any CPU
		{8173DDD8-710A-46E4-9D7C-BD0FA2BCAA94}.Release|x64.Build.0 = Release|Any CPU
		{8173DDD8-710A-46E4-9D7C-BD0FA2BCAA94}.Release|x86.ActiveCfg = Release|Any CPU
		{8173DDD8-710A-46E4-9D7C-BD0FA2BCAA94}.Release|x86.Build.0 = Release|Any CPU
		{A0DF3A92-59A5-448D-9F0B-3D42F7862C11}.Debug|Any CPU.ActiveCfg = Debug|Any CPU
		{A0DF3A92-59A5-448D-9F0B-3D42F7862C11}.Debug|Any CPU.Build.0 = Debug|Any CPU
		{A0DF3A92-59A5-448D-9F0B-3D42F7862C11}.Debug|x64.ActiveCfg = Debug|Any CPU
		{A0DF3A92-59A5-448D-9F0B-3D42F7862C11}.Debug|x64.Build.0 = Debug|Any CPU
		{A0DF3A92-59A5-448D-9F0B-3D42F7862C11}.Debug|x86.ActiveCfg = Debug|Any CPU
		{A0DF3A92-59A5-448D-9F0B-3D42F7862C11}.Debug|x86.Build.0 = Debug|Any CPU
		{A0DF3A92-59A5-448D-9F0B-3D42F7862C11}.Release|Any CPU.ActiveCfg = Release|Any CPU
		{A0DF3A92-59A5-448D-9F0B-3D42F7862C11}.Release|Any CPU.Build.0 = Release|Any CPU
		{A0DF3A92-59A5-448D-9F0B-3D42F7862C11}.Release|x64.ActiveCfg = Release|Any CPU
		{A0DF3A92-59A5-448D-9F0B-3D42F7862C11}.Release|x64.Build.0 = Release|Any CPU
		{A0DF3A92-59A5-448D-9F0B-3D42F7862C11}.Release|x86.ActiveCfg = Release|Any CPU
		{A0DF3A92-59A5-448D-9F0B-3D42F7862C11}.Release|x86.Build.0 = Release|Any CPU
		{A605ED35-49EE-4F62-8A0E-4FFE7C273531}.Debug|Any CPU.ActiveCfg = Debug|Any CPU
		{A605ED35-49EE-4F62-8A0E-4FFE7C273531}.Debug|Any CPU.Build.0 = Debug|Any CPU
		{A605ED35-49EE-4F62-8A0E-4FFE7C273531}.Debug|x64.ActiveCfg = Debug|Any CPU
		{A605ED35-49EE-4F62-8A0E-4FFE7C273531}.Debug|x64.Build.0 = Debug|Any CPU
		{A605ED35-49EE-4F62-8A0E-4FFE7C273531}.Debug|x86.ActiveCfg = Debug|Any CPU
		{A605ED35-49EE-4F62-8A0E-4FFE7C273531}.Debug|x86.Build.0 = Debug|Any CPU
		{A605ED35-49EE-4F62-8A0E-4FFE7C273531}.Release|Any CPU.ActiveCfg = Release|Any CPU
		{A605ED35-49EE-4F62-8A0E-4FFE7C273531}.Release|Any CPU.Build.0 = Release|Any CPU
		{A605ED35-49EE-4F62-8A0E-4FFE7C273531}.Release|x64.ActiveCfg = Release|Any CPU
		{A605ED35-49EE-4F62-8A0E-4FFE7C273531}.Release|x64.Build.0 = Release|Any CPU
		{A605ED35-49EE-4F62-8A0E-4FFE7C273531}.Release|x86.ActiveCfg = Release|Any CPU
		{A605ED35-49EE-4F62-8A0E-4FFE7C273531}.Release|x86.Build.0 = Release|Any CPU
	EndGlobalSection
	GlobalSection(SolutionProperties) = preSolution
		HideSolutionNode = FALSE
	EndGlobalSection
	GlobalSection(NestedProjects) = preSolution
		{A1036F50-96C6-41FD-9AB5-5A62722CDEE2} = {827E0CD3-B72D-47B6-A68D-7590B98EB39B}
		{8E903832-60C2-4105-9C4A-B388383E0905} = {827E0CD3-B72D-47B6-A68D-7590B98EB39B}
		{CAE99EAE-1CF1-4843-98F7-6B8D6A26E05B} = {827E0CD3-B72D-47B6-A68D-7590B98EB39B}
		{35D3F24B-B04E-3ED8-FFA4-AAE42B7EEBA4} = {827E0CD3-B72D-47B6-A68D-7590B98EB39B}
		{8173DDD8-710A-46E4-9D7C-BD0FA2BCAA94} = {35D3F24B-B04E-3ED8-FFA4-AAE42B7EEBA4}
		{8156C0C4-EF1A-4077-3544-755F88AA85ED} = {827E0CD3-B72D-47B6-A68D-7590B98EB39B}
		{A0DF3A92-59A5-448D-9F0B-3D42F7862C11} = {8156C0C4-EF1A-4077-3544-755F88AA85ED}
		{023A07F4-0133-3382-388F-FD532FBAC07F} = {827E0CD3-B72D-47B6-A68D-7590B98EB39B}
		{A605ED35-49EE-4F62-8A0E-4FFE7C273531} = {023A07F4-0133-3382-388F-FD532FBAC07F}
	EndGlobalSection
EndGlobal
